
Microsoft Visual Studio Solution File, Format Version 12.00
# Visual Studio Version 17
VisualStudioVersion = 17.5.002.0
MinimumVisualStudioVersion = 10.0.40219.1
Project("{2150E333-8FDC-42A3-9474-1A3956D46DE8}") = "csharp-prep", "csharp-prep", "{538A2029-FADD-4130-A42C-79BCE93FBA3A}"
EndProject
Project("{9A19103F-16F7-4668-BE54-9A1E7A4F7556}") = "Prep1", "csharp-prep\Prep1\Prep1.csproj", "{1440304B-836D-4115-89D2-11C16A213F34}"
EndProject
Project("{9A19103F-16F7-4668-BE54-9A1E7A4F7556}") = "Prep2", "csharp-prep\Prep2\Prep2.csproj", "{5D9D9951-7603-46AA-B983-F533D630C2DF}"
EndProject
Project("{9A19103F-16F7-4668-BE54-9A1E7A4F7556}") = "Prep3", "csharp-prep\Prep3\Prep3.csproj", "{A9C9FA6B-A4A7-4306-A27D-6084EDE4DAC4}"
EndProject
Project("{9A19103F-16F7-4668-BE54-9A1E7A4F7556}") = "Prep4", "csharp-prep\Prep4\Prep4.csproj", "{39AD38E9-0713-4969-8EF1-E0A6B08A6E5B}"
EndProject
Project("{9A19103F-16F7-4668-BE54-9A1E7A4F7556}") = "Prep5", "csharp-prep\Prep5\Prep5.csproj", "{953DDC7E-E0A9-4949-AC6E-421E42B94751}"
EndProject
Project("{2150E333-8FDC-42A3-9474-1A3956D46DE8}") = "final", "final", "{25E43E00-9E1D-4C9E-AED0-D68AD97F030E}"
EndProject
Project("{9A19103F-16F7-4668-BE54-9A1E7A4F7556}") = "FinalProject", "final\FinalProject\FinalProject.csproj", "{A5EB6261-00D1-42C8-8A0C-EAF8738D2995}"
EndProject
Project("{9A19103F-16F7-4668-BE54-9A1E7A4F7556}") = "Foundation1", "final\Foundation1\Foundation1.csproj", "{10FC2418-283A-4F65-BBFD-9500B567B45B}"
EndProject
Project("{9A19103F-16F7-4668-BE54-9A1E7A4F7556}") = "Foundation2", "final\Foundation2\Foundation2.csproj", "{740AD37E-E737-4F67-9381-64E9969A3CA2}"
EndProject
Project("{9A19103F-16F7-4668-BE54-9A1E7A4F7556}") = "Foundation3", "final\Foundation3\Foundation3.csproj", "{B31FBF64-9597-4412-A00F-3E4DFE924652}"
EndProject
Project("{9A19103F-16F7-4668-BE54-9A1E7A4F7556}") = "Foundation4", "final\Foundation4\Foundation4.csproj", "{62035D72-B1F2-4B6E-A3FA-4852A19F9E37}"
EndProject
Project("{2150E333-8FDC-42A3-9474-1A3956D46DE8}") = "prepare", "prepare", "{CF9E2604-8251-4F91-B3AF-98FB3E73662F}"
EndProject
Project("{9A19103F-16F7-4668-BE54-9A1E7A4F7556}") = "Learning02", "prepare\Learning02\Learning02.csproj", "{2ADC6DFD-467B-42BB-AD3F-AB03E3BCD575}"
EndProject
Project("{9A19103F-16F7-4668-BE54-9A1E7A4F7556}") = "Learning03", "prepare\Learning03\Learning03.csproj", "{07C63F81-F81E-4C48-8E31-5E8B33571AFB}"
EndProject
Project("{9A19103F-16F7-4668-BE54-9A1E7A4F7556}") = "Learning04", "prepare\Learning04\Learning04.csproj", "{036A2968-A020-45A2-B9B6-54AE14EE037D}"
EndProject
Project("{9A19103F-16F7-4668-BE54-9A1E7A4F7556}") = "Learning05", "prepare\Learning05\Learning05.csproj", "{DA80459A-1C41-469B-88FD-7C7FE7F0AC4C}"
EndProject
Project("{2150E333-8FDC-42A3-9474-1A3956D46DE8}") = "prove", "prove", "{4D7B3ED0-E60A-4709-B1E8-2E42C3FC7293}"
EndProject
Project("{9A19103F-16F7-4668-BE54-9A1E7A4F7556}") = "Develop02", "prove\Develop02\Develop02.csproj", "{D89325AD-1CAE-42BB-B51B-2AC06D0D39AD}"
EndProject
Project("{9A19103F-16F7-4668-BE54-9A1E7A4F7556}") = "Develop03", "prove\Develop03\Develop03.csproj", "{20AE314B-1C63-40DD-8BF5-F445830343E7}"
EndProject
Project("{9A19103F-16F7-4668-BE54-9A1E7A4F7556}") = "Develop04", "prove\Develop04\Develop04.csproj", "{263CBC74-91DE-4BCE-A179-BE8B953FC380}"
EndProject
Project("{9A19103F-16F7-4668-BE54-9A1E7A4F7556}") = "Develop05", "prove\Develop05\Develop05.csproj", "{9C6AD94D-777B-4A1D-B7F1-F9B692B1C5B6}"
EndProject
Project("{2150E333-8FDC-42A3-9474-1A3956D46DE8}") = "sandbox", "sandbox", "{3A71C98D-2176-4424-BFFE-FAF9327CF6D1}"
EndProject
Project("{9A19103F-16F7-4668-BE54-9A1E7A4F7556}") = "Sandbox", "sandbox\Sandbox\Sandbox.csproj", "{DA5D8D91-AC1C-41E1-9657-AA9C3F335E83}"
EndProject
Global
	GlobalSection(SolutionConfigurationPlatforms) = preSolution
		Debug|Any CPU = Debug|Any CPU
		Release|Any CPU = Release|Any CPU
	EndGlobalSection
	GlobalSection(ProjectConfigurationPlatforms) = postSolution
		{1440304B-836D-4115-89D2-11C16A213F34}.Debug|Any CPU.ActiveCfg = Debug|Any CPU
		{1440304B-836D-4115-89D2-11C16A213F34}.Debug|Any CPU.Build.0 = Debug|Any CPU
		{1440304B-836D-4115-89D2-11C16A213F34}.Release|Any CPU.ActiveCfg = Release|Any CPU
		{1440304B-836D-4115-89D2-11C16A213F34}.Release|Any CPU.Build.0 = Release|Any CPU
		{5D9D9951-7603-46AA-B983-F533D630C2DF}.Debug|Any CPU.ActiveCfg = Debug|Any CPU
		{5D9D9951-7603-46AA-B983-F533D630C2DF}.Debug|Any CPU.Build.0 = Debug|Any CPU
		{5D9D9951-7603-46AA-B983-F533D630C2DF}.Release|Any CPU.ActiveCfg = Release|Any CPU
		{5D9D9951-7603-46AA-B983-F533D630C2DF}.Release|Any CPU.Build.0 = Release|Any CPU
		{A9C9FA6B-A4A7-4306-A27D-6084EDE4DAC4}.Debug|Any CPU.ActiveCfg = Debug|Any CPU
		{A9C9FA6B-A4A7-4306-A27D-6084EDE4DAC4}.Debug|Any CPU.Build.0 = Debug|Any CPU
		{A9C9FA6B-A4A7-4306-A27D-6084EDE4DAC4}.Release|Any CPU.ActiveCfg = Release|Any CPU
		{A9C9FA6B-A4A7-4306-A27D-6084EDE4DAC4}.Release|Any CPU.Build.0 = Release|Any CPU
		{39AD38E9-0713-4969-8EF1-E0A6B08A6E5B}.Debug|Any CPU.ActiveCfg = Debug|Any CPU
		{39AD38E9-0713-4969-8EF1-E0A6B08A6E5B}.Debug|Any CPU.Build.0 = Debug|Any CPU
		{39AD38E9-0713-4969-8EF1-E0A6B08A6E5B}.Release|Any CPU.ActiveCfg = Release|Any CPU
		{39AD38E9-0713-4969-8EF1-E0A6B08A6E5B}.Release|Any CPU.Build.0 = Release|Any CPU
		{953DDC7E-E0A9-4949-AC6E-421E42B94751}.Debug|Any CPU.ActiveCfg = Debug|Any CPU
		{953DDC7E-E0A9-4949-AC6E-421E42B94751}.Debug|Any CPU.Build.0 = Debug|Any CPU
		{953DDC7E-E0A9-4949-AC6E-421E42B94751}.Release|Any CPU.ActiveCfg = Release|Any CPU
		{953DDC7E-E0A9-4949-AC6E-421E42B94751}.Release|Any CPU.Build.0 = Release|Any CPU
		{A5EB6261-00D1-42C8-8A0C-EAF8738D2995}.Debug|Any CPU.ActiveCfg = Debug|Any CPU
		{A5EB6261-00D1-42C8-8A0C-EAF8738D2995}.Debug|Any CPU.Build.0 = Debug|Any CPU
		{A5EB6261-00D1-42C8-8A0C-EAF8738D2995}.Release|Any CPU.ActiveCfg = Release|Any CPU
		{A5EB6261-00D1-42C8-8A0C-EAF8738D2995}.Release|Any CPU.Build.0 = Release|Any CPU
		{10FC2418-283A-4F65-BBFD-9500B567B45B}.Debug|Any CPU.ActiveCfg = Debug|Any CPU
		{10FC2418-283A-4F65-BBFD-9500B567B45B}.Debug|Any CPU.Build.0 = Debug|Any CPU
		{10FC2418-283A-4F65-BBFD-9500B567B45B}.Release|Any CPU.ActiveCfg = Release|Any CPU
		{10FC2418-283A-4F65-BBFD-9500B567B45B}.Release|Any CPU.Build.0 = Release|Any CPU
		{740AD37E-E737-4F67-9381-64E9969A3CA2}.Debug|Any CPU.ActiveCfg = Debug|Any CPU
		{740AD37E-E737-4F67-9381-64E9969A3CA2}.Debug|Any CPU.Build.0 = Debug|Any CPU
		{740AD37E-E737-4F67-9381-64E9969A3CA2}.Release|Any CPU.ActiveCfg = Release|Any CPU
		{740AD37E-E737-4F67-9381-64E9969A3CA2}.Release|Any CPU.Build.0 = Release|Any CPU
		{B31FBF64-9597-4412-A00F-3E4DFE924652}.Debug|Any CPU.ActiveCfg = Debug|Any CPU
		{B31FBF64-9597-4412-A00F-3E4DFE924652}.Debug|Any CPU.Build.0 = Debug|Any CPU
		{B31FBF64-9597-4412-A00F-3E4DFE924652}.Release|Any CPU.ActiveCfg = Release|Any CPU
		{B31FBF64-9597-4412-A00F-3E4DFE924652}.Release|Any CPU.Build.0 = Release|Any CPU
		{62035D72-B1F2-4B6E-A3FA-4852A19F9E37}.Debug|Any CPU.ActiveCfg = Debug|Any CPU
		{62035D72-B1F2-4B6E-A3FA-4852A19F9E37}.Debug|Any CPU.Build.0 = Debug|Any CPU
		{62035D72-B1F2-4B6E-A3FA-4852A19F9E37}.Release|Any CPU.ActiveCfg = Release|Any CPU
		{62035D72-B1F2-4B6E-A3FA-4852A19F9E37}.Release|Any CPU.Build.0 = Release|Any CPU
		{2ADC6DFD-467B-42BB-AD3F-AB03E3BCD575}.Debug|Any CPU.ActiveCfg = Debug|Any CPU
		{2ADC6DFD-467B-42BB-AD3F-AB03E3BCD575}.Debug|Any CPU.Build.0 = Debug|Any CPU
		{2ADC6DFD-467B-42BB-AD3F-AB03E3BCD575}.Release|Any CPU.ActiveCfg = Release|Any CPU
		{2ADC6DFD-467B-42BB-AD3F-AB03E3BCD575}.Release|Any CPU.Build.0 = Release|Any CPU
		{07C63F81-F81E-4C48-8E31-5E8B33571AFB}.Debug|Any CPU.ActiveCfg = Debug|Any CPU
		{07C63F81-F81E-4C48-8E31-5E8B33571AFB}.Debug|Any CPU.Build.0 = Debug|Any CPU
		{07C63F81-F81E-4C48-8E31-5E8B33571AFB}.Release|Any CPU.ActiveCfg = Release|Any CPU
		{07C63F81-F81E-4C48-8E31-5E8B33571AFB}.Release|Any CPU.Build.0 = Release|Any CPU
		{036A2968-A020-45A2-B9B6-54AE14EE037D}.Debug|Any CPU.ActiveCfg = Debug|Any CPU
		{036A2968-A020-45A2-B9B6-54AE14EE037D}.Debug|Any CPU.Build.0 = Debug|Any CPU
		{036A2968-A020-45A2-B9B6-54AE14EE037D}.Release|Any CPU.ActiveCfg = Release|Any CPU
		{036A2968-A020-45A2-B9B6-54AE14EE037D}.Release|Any CPU.Build.0 = Release|Any CPU
		{DA80459A-1C41-469B-88FD-7C7FE7F0AC4C}.Debug|Any CPU.ActiveCfg = Debug|Any CPU
		{DA80459A-1C41-469B-88FD-7C7FE7F0AC4C}.Debug|Any CPU.Build.0 = Debug|Any CPU
		{DA80459A-1C41-469B-88FD-7C7FE7F0AC4C}.Release|Any CPU.ActiveCfg = Release|Any CPU
		{DA80459A-1C41-469B-88FD-7C7FE7F0AC4C}.Release|Any CPU.Build.0 = Release|Any CPU
		{D89325AD-1CAE-42BB-B51B-2AC06D0D39AD}.Debug|Any CPU.ActiveCfg = Debug|Any CPU
		{D89325AD-1CAE-42BB-B51B-2AC06D0D39AD}.Debug|Any CPU.Build.0 = Debug|Any CPU
		{D89325AD-1CAE-42BB-B51B-2AC06D0D39AD}.Release|Any CPU.ActiveCfg = Release|Any CPU
		{D89325AD-1CAE-42BB-B51B-2AC06D0D39AD}.Release|Any CPU.Build.0 = Release|Any CPU
		{20AE314B-1C63-40DD-8BF5-F445830343E7}.Debug|Any CPU.ActiveCfg = Debug|Any CPU
		{20AE314B-1C63-40DD-8BF5-F445830343E7}.Debug|Any CPU.Build.0 = Debug|Any CPU
		{20AE314B-1C63-40DD-8BF5-F445830343E7}.Release|Any CPU.ActiveCfg = Release|Any CPU
		{20AE314B-1C63-40DD-8BF5-F445830343E7}.Release|Any CPU.Build.0 = Release|Any CPU
		{263CBC74-91DE-4BCE-A179-BE8B953FC380}.Debug|Any CPU.ActiveCfg = Debug|Any CPU
		{263CBC74-91DE-4BCE-A179-BE8B953FC380}.Debug|Any CPU.Build.0 = Debug|Any CPU
		{263CBC74-91DE-4BCE-A179-BE8B953FC380}.Release|Any CPU.ActiveCfg = Release|Any CPU
		{263CBC74-91DE-4BCE-A179-BE8B953FC380}.Release|Any CPU.Build.0 = Release|Any CPU
		{9C6AD94D-777B-4A1D-B7F1-F9B692B1C5B6}.Debug|Any CPU.ActiveCfg = Debug|Any CPU
		{9C6AD94D-777B-4A1D-B7F1-F9B692B1C5B6}.Debug|Any CPU.Build.0 = Debug|Any CPU
		{9C6AD94D-777B-4A1D-B7F1-F9B692B1C5B6}.Release|Any CPU.ActiveCfg = Release|Any CPU
		{9C6AD94D-777B-4A1D-B7F1-F9B692B1C5B6}.Release|Any CPU.Build.0 = Release|Any CPU
		{DA5D8D91-AC1C-41E1-9657-AA9C3F335E83}.Debug|Any CPU.ActiveCfg = Debug|Any CPU
		{DA5D8D91-AC1C-41E1-9657-AA9C3F335E83}.Debug|Any CPU.Build.0 = Debug|Any CPU
		{DA5D8D91-AC1C-41E1-9657-AA9C3F335E83}.Release|Any CPU.ActiveCfg = Release|Any CPU
		{DA5D8D91-AC1C-41E1-9657-AA9C3F335E83}.Release|Any CPU.Build.0 = Release|Any CPU
	EndGlobalSection
	GlobalSection(SolutionProperties) = preSolution
		HideSolutionNode = FALSE
	EndGlobalSection
	GlobalSection(NestedProjects) = preSolution
		{1440304B-836D-4115-89D2-11C16A213F34} = {538A2029-FADD-4130-A42C-79BCE93FBA3A}
		{5D9D9951-7603-46AA-B983-F533D630C2DF} = {538A2029-FADD-4130-A42C-79BCE93FBA3A}
		{A9C9FA6B-A4A7-4306-A27D-6084EDE4DAC4} = {538A2029-FADD-4130-A42C-79BCE93FBA3A}
		{39AD38E9-0713-4969-8EF1-E0A6B08A6E5B} = {538A2029-FADD-4130-A42C-79BCE93FBA3A}
		{953DDC7E-E0A9-4949-AC6E-421E42B94751} = {538A2029-FADD-4130-A42C-79BCE93FBA3A}
		{A5EB6261-00D1-42C8-8A0C-EAF8738D2995} = {25E43E00-9E1D-4C9E-AED0-D68AD97F030E}
		{10FC2418-283A-4F65-BBFD-9500B567B45B} = {25E43E00-9E1D-4C9E-AED0-D68AD97F030E}
		{740AD37E-E737-4F67-9381-64E9969A3CA2} = {25E43E00-9E1D-4C9E-AED0-D68AD97F030E}
		{B31FBF64-9597-4412-A00F-3E4DFE924652} = {25E43E00-9E1D-4C9E-AED0-D68AD97F030E}
		{62035D72-B1F2-4B6E-A3FA-4852A19F9E37} = {25E43E00-9E1D-4C9E-AED0-D68AD97F030E}
		{2ADC6DFD-467B-42BB-AD3F-AB03E3BCD575} = {CF9E2604-8251-4F91-B3AF-98FB3E73662F}
		{07C63F81-F81E-4C48-8E31-5E8B33571AFB} = {CF9E2604-8251-4F91-B3AF-98FB3E73662F}
		{036A2968-A020-45A2-B9B6-54AE14EE037D} = {CF9E2604-8251-4F91-B3AF-98FB3E73662F}
		{DA80459A-1C41-469B-88FD-7C7FE7F0AC4C} = {CF9E2604-8251-4F91-B3AF-98FB3E73662F}
		{D89325AD-1CAE-42BB-B51B-2AC06D0D39AD} = {4D7B3ED0-E60A-4709-B1E8-2E42C3FC7293}
		{20AE314B-1C63-40DD-8BF5-F445830343E7} = {4D7B3ED0-E60A-4709-B1E8-2E42C3FC7293}
		{263CBC74-91DE-4BCE-A179-BE8B953FC380} = {4D7B3ED0-E60A-4709-B1E8-2E42C3FC7293}
		{9C6AD94D-777B-4A1D-B7F1-F9B692B1C5B6} = {4D7B3ED0-E60A-4709-B1E8-2E42C3FC7293}
		{DA5D8D91-AC1C-41E1-9657-AA9C3F335E83} = {3A71C98D-2176-4424-BFFE-FAF9327CF6D1}
	EndGlobalSection
	GlobalSection(ExtensibilityGlobals) = postSolution
		SolutionGuid = {12867CB6-5A25-4197-AD93-7817EA33BE9C}
	EndGlobalSection
EndGlobal
